
Microsoft Visual Studio Solution File, Format Version 12.00
# Visual Studio Version 17
VisualStudioVersion = 17.9.34622.214
MinimumVisualStudioVersion = 10.0.40219.1
Project("{9A19103F-16F7-4668-BE54-9A1E7A4F7556}") = "ZadanieTodoList", "ZadanieTodoList\ZadanieTodoList.csproj", "{FC0B468D-E73F-4FC5-803D-1116C11CA69D}"
EndProject
Project("{FAE04EC0-301F-11D3-BF4B-00C04F79EFBC}") = "ZadanieTodoList.Database", "ZadanieTodoList.Database\ZadanieTodoList.Database.csproj", "{C56D638C-ED58-4C27-BA22-8DB080658393}"
EndProject
Global
	GlobalSection(SolutionConfigurationPlatforms) = preSolution
		Debug|Any CPU = Debug|Any CPU
		Release|Any CPU = Release|Any CPU
	EndGlobalSection
	GlobalSection(ProjectConfigurationPlatforms) = postSolution
		{FC0B468D-E73F-4FC5-803D-1116C11CA69D}.Debug|Any CPU.ActiveCfg = Debug|Any CPU
		{FC0B468D-E73F-4FC5-803D-1116C11CA69D}.Debug|Any CPU.Build.0 = Debug|Any CPU
		{FC0B468D-E73F-4FC5-803D-1116C11CA69D}.Release|Any CPU.ActiveCfg = Release|Any CPU
		{FC0B468D-E73F-4FC5-803D-1116C11CA69D}.Release|Any CPU.Build.0 = Release|Any CPU
		{C56D638C-ED58-4C27-BA22-8DB080658393}.Debug|Any CPU.ActiveCfg = Debug|Any CPU
		{C56D638C-ED58-4C27-BA22-8DB080658393}.Debug|Any CPU.Build.0 = Debug|Any CPU
		{C56D638C-ED58-4C27-BA22-8DB080658393}.Release|Any CPU.ActiveCfg = Release|Any CPU
		{C56D638C-ED58-4C27-BA22-8DB080658393}.Release|Any CPU.Build.0 = Release|Any CPU
	EndGlobalSection
	GlobalSection(SolutionProperties) = preSolution
		HideSolutionNode = FALSE
	EndGlobalSection
	GlobalSection(ExtensibilityGlobals) = postSolution
		SolutionGuid = {A2176ED3-FD2C-4788-8950-3AF92E1F5C38}
	EndGlobalSection
EndGlobal
